<?xml version="1.0" encoding="utf-8"?>
<Project ToolsVersion="4.0" xmlns="http://schemas.microsoft.com/developer/msbuild/2003">
  <ItemGroup>
    <Filter Include="源文件">
      <UniqueIdentifier>{4FC737F1-C7A5-4376-A066-2A32D752A2FF}</UniqueIdentifier>
      <Extensions>cpp;c;cc;cxx;def;odl;idl;hpj;bat;asm;asmx</Extensions>
    </Filter>
    <Filter Include="头文件">
      <UniqueIdentifier>{93995380-89BD-4b04-88EB-625FBE52EBFB}</UniqueIdentifier>
      <Extensions>h;hh;hpp;hxx;hm;inl;inc;xsd</Extensions>
    </Filter>
    <Filter Include="资源文件">
      <UniqueIdentifier>{67DA6AB6-F800-4c08-8B7A-83BB121AAD01}</UniqueIdentifier>
      <Extensions>rc;ico;cur;bmp;dlg;rc2;rct;bin;rgs;gif;jpg;jpeg;jpe;resx;tiff;tif;png;wav;mfcribbon-ms</Extensions>
    </Filter>
  </ItemGroup>
  <ItemGroup>
    <Text Include="ReadMe.txt" />
  </ItemGroup>
  <ItemGroup>
    <ClCompile Include="stdafx.cpp">
      <Filter>源文件</Filter>
    </ClCompile>
    <ClCompile Include="CES.cpp">
      <Filter>源文件</Filter>
    </ClCompile>
    <ClCompile Include="CESCtrl.cpp">
      <Filter>源文件</Filter>
    </ClCompile>
    <ClCompile Include="CESPropPage.cpp">
      <Filter>源文件</Filter>
    </ClCompile>
    <ClCompile Include="Cathelp.cpp">
      <Filter>源文件</Filter>
    </ClCompile>
    <ClCompile Include="CameraPipeline.cpp">
      <Filter>源文件</Filter>
    </ClCompile>
    <ClCompile Include="MFWorkerQueueProvider.cpp">
      <Filter>源文件</Filter>
    </ClCompile>
    <ClCompile Include="EVRPresenter.cpp">
      <Filter>源文件</Filter>
    </ClCompile>
    <ClCompile Include="D3D9VideoRenderer.cpp">
      <Filter>源文件</Filter>
    </ClCompile>
    <ClCompile Include="Scheduler.cpp">
      <Filter>源文件</Filter>
    </ClCompile>
    <ClCompile Include="FreeList.cpp">
      <Filter>源文件</Filter>
    </ClCompile>
  </ItemGroup>
  <ItemGroup>
    <ClInclude Include="stdafx.h">
      <Filter>头文件</Filter>
    </ClInclude>
    <ClInclude Include="targetver.h">
      <Filter>头文件</Filter>
    </ClInclude>
    <ClInclude Include="CES.h">
      <Filter>头文件</Filter>
    </ClInclude>
    <ClInclude Include="Resource.h">
      <Filter>头文件</Filter>
    </ClInclude>
    <ClInclude Include="CESCtrl.h">
      <Filter>头文件</Filter>
    </ClInclude>
    <ClInclude Include="CESPropPage.h">
      <Filter>头文件</Filter>
    </ClInclude>
    <ClInclude Include="Cathelp.h">
      <Filter>头文件</Filter>
    </ClInclude>
    <ClInclude Include="CameraPipeline.h">
      <Filter>头文件</Filter>
    </ClInclude>
    <ClInclude Include="EVRPresenter.h">
      <Filter>头文件</Filter>
    </ClInclude>
    <ClInclude Include="D3D9VideoRenderer.h">
      <Filter>头文件</Filter>
    </ClInclude>
    <ClInclude Include="Scheduler.h">
      <Filter>头文件</Filter>
    </ClInclude>
    <ClInclude Include="ResourceContainer.h">
      <Filter>头文件</Filter>
    </ClInclude>
  </ItemGroup>
  <ItemGroup>
    <None Include="CES.def">
      <Filter>源文件</Filter>
    </None>
  </ItemGroup>
  <ItemGroup>
    <ResourceCompile Include="CES.rc">
      <Filter>资源文件</Filter>
    </ResourceCompile>
  </ItemGroup>
  <ItemGroup>
    <Midl Include="CES.idl">
      <Filter>源文件</Filter>
    </Midl>
  </ItemGroup>
  <ItemGroup>
    <Image Include="CES.ico">
      <Filter>资源文件</Filter>
    </Image>
    <Image Include="CESCtrl.bmp">
      <Filter>资源文件</Filter>
    </Image>
  </ItemGroup>
</Project>